<?xml version="1.0" encoding="utf-8"?>
<Project ToolsVersion="4.0" xmlns="http://schemas.microsoft.com/developer/msbuild/2003">
  <ItemGroup>
    <Filter Include="Source Files">
      <UniqueIdentifier>{4FC737F1-C7A5-4376-A066-2A32D752A2FF}</UniqueIdentifier>
      <Extensions>cpp;c;cc;cxx;def;odl;idl;hpj;bat;asm;asmx</Extensions>
    </Filter>
    <Filter Include="Header Files">
      <UniqueIdentifier>{93995380-89BD-4b04-88EB-625FBE52EBFB}</UniqueIdentifier>
      <Extensions>h;hh;hpp;hxx;hm;inl;inc;ipp;xsd</Extensions>
    </Filter>
    <Filter Include="Resource Files">
      <UniqueIdentifier>{67DA6AB6-F800-4c08-8B7A-83BB121AAD01}</UniqueIdentifier>
      <Extensions>rc;ico;cur;bmp;dlg;rc2;rct;bin;rgs;gif;jpg;jpeg;jpe;resx;tiff;tif;png;wav;mfcribbon-ms</Extensions>
    </Filter>
    <Filter Include="Resource Files\IMAGES">
      <UniqueIdentifier>{2fbedf71-7296-4bd9-a48e-ff5219561028}</UniqueIdentifier>
    </Filter>
    <Filter Include="Resource Files\LEVELS">
      <UniqueIdentifier>{38a5636b-97c2-4781-acb2-c55bf186e278}</UniqueIdentifier>
    </Filter>
    <Filter Include="Resource Files\FONT">
      <UniqueIdentifier>{41276e66-92dc-4cce-b148-a6e3de100c7f}</UniqueIdentifier>
    </Filter>
    <Filter Include="Resource Files\SOUNDS">
      <UniqueIdentifier>{90ba4123-ad2a-4270-8a3a-47123d1eacf8}</UniqueIdentifier>
    </Filter>
  </ItemGroup>
  <ItemGroup>
    <Media Include="ASSETS\SOUNDS\buttonClick.wav">
      <Filter>Resource Files\SOUNDS</Filter>
    </Media>
  </ItemGroup>
  <ItemGroup>
    <ClCompile Include="main.cpp">
      <Filter>Source Files</Filter>
    </ClCompile>
    <ClCompile Include="StateEditor.cpp">
      <Filter>Source Files</Filter>
    </ClCompile>
    <ClCompile Include="StatetStart.cpp">
      <Filter>Source Files</Filter>
    </ClCompile>
    <ClCompile Include="ResourceManager.cpp">
      <Filter>Source Files</Filter>
    </ClCompile>
    <ClCompile Include="Animation.cpp">
      <Filter>Source Files</Filter>
    </ClCompile>
    <ClCompile Include="Tile.cpp">
      <Filter>Source Files</Filter>
    </ClCompile>
    <ClCompile Include="Map.cpp">
      <Filter>Source Files</Filter>
    </ClCompile>
    <ClCompile Include="Game.cpp">
      <Filter>Source Files</Filter>
    </ClCompile>
    <ClCompile Include="GUI.cpp">
      <Filter>Source Files</Filter>
    </ClCompile>
    <ClCompile Include="City.cpp">
      <Filter>Source Files</Filter>
    </ClCompile>
  </ItemGroup>
  <ItemGroup>
    <ClInclude Include="Game.h">
      <Filter>Header Files</Filter>
    </ClInclude>
    <ClInclude Include="GameState.h">
      <Filter>Header Files</Filter>
    </ClInclude>
    <ClInclude Include="StateEditor.h">
      <Filter>Header Files</Filter>
    </ClInclude>
    <ClInclude Include="StateStart.h">
      <Filter>Header Files</Filter>
    </ClInclude>
    <ClInclude Include="ResourceManager.h">
      <Filter>Header Files</Filter>
    </ClInclude>
    <ClInclude Include="Animation.h">
      <Filter>Header Files</Filter>
    </ClInclude>
    <ClInclude Include="Tile.h">
      <Filter>Header Files</Filter>
    </ClInclude>
    <ClInclude Include="Map.h">
      <Filter>Header Files</Filter>
    </ClInclude>
    <ClInclude Include="GUI.h">
      <Filter>Header Files</Filter>
    </ClInclude>
    <ClInclude Include="City.h">
      <Filter>Header Files</Filter>
    </ClInclude>
  </ItemGroup>
  <ItemGroup>
    <Image Include="ASSETS\IMAGES\background.png">
      <Filter>Resource Files\IMAGES</Filter>
    </Image>
    <Image Include="ASSETS\IMAGES\commercial.png">
      <Filter>Resource Files\IMAGES</Filter>
    </Image>
    <Image Include="ASSETS\IMAGES\forest.png">
      <Filter>Resource Files\IMAGES</Filter>
    </Image>
    <Image Include="ASSETS\IMAGES\grass.png">
      <Filter>Resource Files\IMAGES</Filter>
    </Image>
    <Image Include="ASSETS\IMAGES\industrial.png">
      <Filter>Resource Files\IMAGES</Filter>
    </Image>
    <Image Include="ASSETS\IMAGES\residential.png">
      <Filter>Resource Files\IMAGES</Filter>
    </Image>
    <Image Include="ASSETS\IMAGES\road.png">
      <Filter>Resource Files\IMAGES</Filter>
    </Image>
    <Image Include="ASSETS\IMAGES\water.png">
      <Filter>Resource Files\IMAGES</Filter>
    </Image>
  </ItemGroup>
  <ItemGroup>
    <Font Include="ASSETS\FONTS\Ordinary.ttf">
      <Filter>Resource Files\FONT</Filter>
    </Font>
  </ItemGroup>
</Project>